// !$*UTF8*$!
{
	archiveVersion = 1;
	classes = {
	};
	objectVersion = 50;
	objects = {

/* Begin PBXBuildFile section */
		1FC871407BCBECE8C975D649 /* Pods_DownFileDemo.framework in Frameworks */ = {isa = PBXBuildFile; fileRef = AC699555D0FA7547DF741732 /* Pods_DownFileDemo.framework */; };
		3D1C61C1236C020F00D6BE80 /* ViewController.swift in Sources */ = {isa = PBXBuildFile; fileRef = 3D6561C9236AE03B00C20D2C /* ViewController.swift */; };
		3D6561C6236AE03B00C20D2C /* AppDelegate.swift in Sources */ = {isa = PBXBuildFile; fileRef = 3D6561C5236AE03B00C20D2C /* AppDelegate.swift */; };
		3D6561C8236AE03B00C20D2C /* SceneDelegate.swift in Sources */ = {isa = PBXBuildFile; fileRef = 3D6561C7236AE03B00C20D2C /* SceneDelegate.swift */; };
		3D6561CA236AE03B00C20D2C /* ViewController.swift in Sources */ = {isa = PBXBuildFile; fileRef = 3D6561C9236AE03B00C20D2C /* ViewController.swift */; };
		3D6561CD236AE03B00C20D2C /* Main.storyboard in Resources */ = {isa = PBXBuildFile; fileRef = 3D6561CB236AE03B00C20D2C /* Main.storyboard */; };
		3D6561CF236AE03C00C20D2C /* Assets.xcassets in Resources */ = {isa = PBXBuildFile; fileRef = 3D6561CE236AE03C00C20D2C /* Assets.xcassets */; };
		3D6561D2236AE03C00C20D2C /* LaunchScreen.storyboard in Resources */ = {isa = PBXBuildFile; fileRef = 3D6561D0236AE03C00C20D2C /* LaunchScreen.storyboard */; };
		3D6561DD236AE03D00C20D2C /* DownFileDemoTests.swift in Sources */ = {isa = PBXBuildFile; fileRef = 3D6561DC236AE03D00C20D2C /* DownFileDemoTests.swift */; };
		3D6561E8236AE03D00C20D2C /* DownFileDemoUITests.swift in Sources */ = {isa = PBXBuildFile; fileRef = 3D6561E7236AE03D00C20D2C /* DownFileDemoUITests.swift */; };
/* End PBXBuildFile section */

/* Begin PBXContainerItemProxy section */
		3D6561D9236AE03D00C20D2C /* PBXContainerItemProxy */ = {
			isa = PBXContainerItemProxy;
			containerPortal = 3D6561BA236AE03B00C20D2C /* Project object */;
			proxyType = 1;
			remoteGlobalIDString = 3D6561C1236AE03B00C20D2C;
			remoteInfo = DownFileDemo;
		};
		3D6561E4236AE03D00C20D2C /* PBXContainerItemProxy */ = {
			isa = PBXContainerItemProxy;
			containerPortal = 3D6561BA236AE03B00C20D2C /* Project object */;
			proxyType = 1;
			remoteGlobalIDString = 3D6561C1236AE03B00C20D2C;
			remoteInfo = DownFileDemo;
		};
/* End PBXContainerItemProxy section */

/* Begin PBXFileReference section */
		085E20558D4FF358BD4E8F71 /* Pods-DownFileDemo.debug.xcconfig */ = {isa = PBXFileReference; includeInIndex = 1; lastKnownFileType = text.xcconfig; name = "Pods-DownFileDemo.debug.xcconfig"; path = "Pods/Target Support Files/Pods-DownFileDemo/Pods-DownFileDemo.debug.xcconfig"; sourceTree = "<group>"; };
		0EEBCD3AC752E4060C06F3C8 /* Pods-DownFileDemo.release.xcconfig */ = {isa = PBXFileReference; includeInIndex = 1; lastKnownFileType = text.xcconfig; name = "Pods-DownFileDemo.release.xcconfig"; path = "Pods/Target Support Files/Pods-DownFileDemo/Pods-DownFileDemo.release.xcconfig"; sourceTree = "<group>"; };
		3D6561C2236AE03B00C20D2C /* DownFileDemo.app */ = {isa = PBXFileReference; explicitFileType = wrapper.application; includeInIndex = 0; path = DownFileDemo.app; sourceTree = BUILT_PRODUCTS_DIR; };
		3D6561C5236AE03B00C20D2C /* AppDelegate.swift */ = {isa = PBXFileReference; lastKnownFileType = sourcecode.swift; path = AppDelegate.swift; sourceTree = "<group>"; };
		3D6561C7236AE03B00C20D2C /* SceneDelegate.swift */ = {isa = PBXFileReference; lastKnownFileType = sourcecode.swift; path = SceneDelegate.swift; sourceTree = "<group>"; };
		3D6561C9236AE03B00C20D2C /* ViewController.swift */ = {isa = PBXFileReference; lastKnownFileType = sourcecode.swift; path = ViewController.swift; sourceTree = "<group>"; };
		3D6561CC236AE03B00C20D2C /* Base */ = {isa = PBXFileReference; lastKnownFileType = file.storyboard; name = Base; path = Base.lproj/Main.storyboard; sourceTree = "<group>"; };
		3D6561CE236AE03C00C20D2C /* Assets.xcassets */ = {isa = PBXFileReference; lastKnownFileType = folder.assetcatalog; path = Assets.xcassets; sourceTree = "<group>"; };
		3D6561D1236AE03C00C20D2C /* Base */ = {isa = PBXFileReference; lastKnownFileType = file.storyboard; name = Base; path = Base.lproj/LaunchScreen.storyboard; sourceTree = "<group>"; };
		3D6561D3236AE03C00C20D2C /* Info.plist */ = {isa = PBXFileReference; lastKnownFileType = text.plist.xml; path = Info.plist; sourceTree = "<group>"; };
		3D6561D8236AE03D00C20D2C /* DownFileDemoTests.xctest */ = {isa = PBXFileReference; explicitFileType = wrapper.cfbundle; includeInIndex = 0; path = DownFileDemoTests.xctest; sourceTree = BUILT_PRODUCTS_DIR; };
		3D6561DC236AE03D00C20D2C /* DownFileDemoTests.swift */ = {isa = PBXFileReference; lastKnownFileType = sourcecode.swift; path = DownFileDemoTests.swift; sourceTree = "<group>"; };
		3D6561DE236AE03D00C20D2C /* Info.plist */ = {isa = PBXFileReference; lastKnownFileType = text.plist.xml; path = Info.plist; sourceTree = "<group>"; };
		3D6561E3236AE03D00C20D2C /* DownFileDemoUITests.xctest */ = {isa = PBXFileReference; explicitFileType = wrapper.cfbundle; includeInIndex = 0; path = DownFileDemoUITests.xctest; sourceTree = BUILT_PRODUCTS_DIR; };
		3D6561E7236AE03D00C20D2C /* DownFileDemoUITests.swift */ = {isa = PBXFileReference; lastKnownFileType = sourcecode.swift; path = DownFileDemoUITests.swift; sourceTree = "<group>"; };
		3D6561E9236AE03D00C20D2C /* Info.plist */ = {isa = PBXFileReference; lastKnownFileType = text.plist.xml; path = Info.plist; sourceTree = "<group>"; };
		AC699555D0FA7547DF741732 /* Pods_DownFileDemo.framework */ = {isa = PBXFileReference; explicitFileType = wrapper.framework; includeInIndex = 0; path = Pods_DownFileDemo.framework; sourceTree = BUILT_PRODUCTS_DIR; };
/* End PBXFileReference section */

/* Begin PBXFrameworksBuildPhase section */
		3D6561BF236AE03B00C20D2C /* Frameworks */ = {
			isa = PBXFrameworksBuildPhase;
			buildActionMask = 2147483647;
			files = (
				1FC871407BCBECE8C975D649 /* Pods_DownFileDemo.framework in Frameworks */,
			);
			runOnlyForDeploymentPostprocessing = 0;
		};
		3D6561D5236AE03D00C20D2C /* Frameworks */ = {
			isa = PBXFrameworksBuildPhase;
			buildActionMask = 2147483647;
			files = (
			);
			runOnlyForDeploymentPostprocessing = 0;
		};
		3D6561E0236AE03D00C20D2C /* Frameworks */ = {
			isa = PBXFrameworksBuildPhase;
			buildActionMask = 2147483647;
			files = (
			);
			runOnlyForDeploymentPostprocessing = 0;
		};
/* End PBXFrameworksBuildPhase section */

/* Begin PBXGroup section */
		3D6561B9236AE03B00C20D2C = {
			isa = PBXGroup;
			children = (
				3D6561C4236AE03B00C20D2C /* DownFileDemo */,
				3D6561DB236AE03D00C20D2C /* DownFileDemoTests */,
				3D6561E6236AE03D00C20D2C /* DownFileDemoUITests */,
				3D6561C3236AE03B00C20D2C /* Products */,
				7121036CC9A1934391575F63 /* Pods */,
				D61D01692FE5BC097B892F61 /* Frameworks */,
			);
			sourceTree = "<group>";
		};
		3D6561C3236AE03B00C20D2C /* Products */ = {
			isa = PBXGroup;
			children = (
				3D6561C2236AE03B00C20D2C /* DownFileDemo.app */,
				3D6561D8236AE03D00C20D2C /* DownFileDemoTests.xctest */,
				3D6561E3236AE03D00C20D2C /* DownFileDemoUITests.xctest */,
			);
			name = Products;
			sourceTree = "<group>";
		};
		3D6561C4236AE03B00C20D2C /* DownFileDemo */ = {
			isa = PBXGroup;
			children = (
				3D6561C5236AE03B00C20D2C /* AppDelegate.swift */,
				3D6561C7236AE03B00C20D2C /* SceneDelegate.swift */,
				3D6561C9236AE03B00C20D2C /* ViewController.swift */,
				3D6561CB236AE03B00C20D2C /* Main.storyboard */,
				3D6561CE236AE03C00C20D2C /* Assets.xcassets */,
				3D6561D0236AE03C00C20D2C /* LaunchScreen.storyboard */,
				3D6561D3236AE03C00C20D2C /* Info.plist */,
			);
			path = DownFileDemo;
			sourceTree = "<group>";
		};
		3D6561DB236AE03D00C20D2C /* DownFileDemoTests */ = {
			isa = PBXGroup;
			children = (
				3D6561DC236AE03D00C20D2C /* DownFileDemoTests.swift */,
				3D6561DE236AE03D00C20D2C /* Info.plist */,
			);
			path = DownFileDemoTests;
			sourceTree = "<group>";
		};
		3D6561E6236AE03D00C20D2C /* DownFileDemoUITests */ = {
			isa = PBXGroup;
			children = (
				3D6561E7236AE03D00C20D2C /* DownFileDemoUITests.swift */,
				3D6561E9236AE03D00C20D2C /* Info.plist */,
			);
			path = DownFileDemoUITests;
			sourceTree = "<group>";
		};
		7121036CC9A1934391575F63 /* Pods */ = {
			isa = PBXGroup;
			children = (
				085E20558D4FF358BD4E8F71 /* Pods-DownFileDemo.debug.xcconfig */,
				0EEBCD3AC752E4060C06F3C8 /* Pods-DownFileDemo.release.xcconfig */,
			);
			name = Pods;
			sourceTree = "<group>";
		};
		D61D01692FE5BC097B892F61 /* Frameworks */ = {
			isa = PBXGroup;
			children = (
				AC699555D0FA7547DF741732 /* Pods_DownFileDemo.framework */,
			);
			name = Frameworks;
			sourceTree = "<group>";
		};
/* End PBXGroup section */

/* Begin PBXNativeTarget section */
		3D6561C1236AE03B00C20D2C /* DownFileDemo */ = {
			isa = PBXNativeTarget;
			buildConfigurationList = 3D6561EC236AE03D00C20D2C /* Build configuration list for PBXNativeTarget "DownFileDemo" */;
			buildPhases = (
				0508A70A6F7139F17482CC22 /* [CP] Check Pods Manifest.lock */,
				3D6561BE236AE03B00C20D2C /* Sources */,
				3D6561BF236AE03B00C20D2C /* Frameworks */,
				3D6561C0236AE03B00C20D2C /* Resources */,
				148AF02D6B47444E9C282309 /* [CP] Embed Pods Frameworks */,
			);
			buildRules = (
			);
			dependencies = (
			);
			name = DownFileDemo;
			productName = DownFileDemo;
			productReference = 3D6561C2236AE03B00C20D2C /* DownFileDemo.app */;
			productType = "com.apple.product-type.application";
		};
		3D6561D7236AE03D00C20D2C /* DownFileDemoTests */ = {
			isa = PBXNativeTarget;
			buildConfigurationList = 3D6561EF236AE03D00C20D2C /* Build configuration list for PBXNativeTarget "DownFileDemoTests" */;
			buildPhases = (
				3D6561D4236AE03D00C20D2C /* Sources */,
				3D6561D5236AE03D00C20D2C /* Frameworks */,
				3D6561D6236AE03D00C20D2C /* Resources */,
			);
			buildRules = (
			);
			dependencies = (
				3D6561DA236AE03D00C20D2C /* PBXTargetDependency */,
			);
			name = DownFileDemoTests;
			productName = DownFileDemoTests;
			productReference = 3D6561D8236AE03D00C20D2C /* DownFileDemoTests.xctest */;
			productType = "com.apple.product-type.bundle.unit-test";
		};
		3D6561E2236AE03D00C20D2C /* DownFileDemoUITests */ = {
			isa = PBXNativeTarget;
			buildConfigurationList = 3D6561F2236AE03D00C20D2C /* Build configuration list for PBXNativeTarget "DownFileDemoUITests" */;
			buildPhases = (
				3D6561DF236AE03D00C20D2C /* Sources */,
				3D6561E0236AE03D00C20D2C /* Frameworks */,
				3D6561E1236AE03D00C20D2C /* Resources */,
			);
			buildRules = (
			);
			dependencies = (
				3D6561E5236AE03D00C20D2C /* PBXTargetDependency */,
			);
			name = DownFileDemoUITests;
			productName = DownFileDemoUITests;
			productReference = 3D6561E3236AE03D00C20D2C /* DownFileDemoUITests.xctest */;
			productType = "com.apple.product-type.bundle.ui-testing";
		};
/* End PBXNativeTarget section */

/* Begin PBXProject section */
		3D6561BA236AE03B00C20D2C /* Project object */ = {
			isa = PBXProject;
			attributes = {
				LastSwiftUpdateCheck = 1110;
				LastUpgradeCheck = 1110;
				ORGANIZATIONNAME = wenjing;
				TargetAttributes = {
					3D6561C1236AE03B00C20D2C = {
						CreatedOnToolsVersion = 11.1;
					};
					3D6561D7236AE03D00C20D2C = {
						CreatedOnToolsVersion = 11.1;
						TestTargetID = 3D6561C1236AE03B00C20D2C;
					};
					3D6561E2236AE03D00C20D2C = {
						CreatedOnToolsVersion = 11.1;
						TestTargetID = 3D6561C1236AE03B00C20D2C;
					};
				};
			};
			buildConfigurationList = 3D6561BD236AE03B00C20D2C /* Build configuration list for PBXProject "DownFileDemo" */;
			compatibilityVersion = "Xcode 9.3";
			developmentRegion = en;
			hasScannedForEncodings = 0;
			knownRegions = (
				en,
				Base,
			);
			mainGroup = 3D6561B9236AE03B00C20D2C;
			productRefGroup = 3D6561C3236AE03B00C20D2C /* Products */;
			projectDirPath = "";
			projectRoot = "";
			targets = (
				3D6561C1236AE03B00C20D2C /* DownFileDemo */,
				3D6561D7236AE03D00C20D2C /* DownFileDemoTests */,
				3D6561E2236AE03D00C20D2C /* DownFileDemoUITests */,
			);
		};
/* End PBXProject section */

/* Begin PBXResourcesBuildPhase section */
		3D6561C0236AE03B00C20D2C /* Resources */ = {
			isa = PBXResourcesBuildPhase;
			buildActionMask = 2147483647;
			files = (
				3D6561D2236AE03C00C20D2C /* LaunchScreen.storyboard in Resources */,
				3D6561CF236AE03C00C20D2C /* Assets.xcassets in Resources */,
				3D6561CD236AE03B00C20D2C /* Main.storyboard in Resources */,
			);
			runOnlyForDeploymentPostprocessing = 0;
		};
		3D6561D6236AE03D00C20D2C /* Resources */ = {
			isa = PBXResourcesBuildPhase;
			buildActionMask = 2147483647;
			files = (
			);
			runOnlyForDeploymentPostprocessing = 0;
		};
		3D6561E1236AE03D00C20D2C /* Resources */ = {
			isa = PBXResourcesBuildPhase;
			buildActionMask = 2147483647;
			files = (
			);
			runOnlyForDeploymentPostprocessing = 0;
		};
/* End PBXResourcesBuildPhase section */

/* Begin PBXShellScriptBuildPhase section */
		0508A70A6F7139F17482CC22 /* [CP] Check Pods Manifest.lock */ = {
			isa = PBXShellScriptBuildPhase;
			buildActionMask = 2147483647;
			files = (
			);
			inputPaths = (
				"${PODS_PODFILE_DIR_PATH}/Podfile.lock",
				"${PODS_ROOT}/Manifest.lock",
			);
			name = "[CP] Check Pods Manifest.lock";
			outputPaths = (
				"$(DERIVED_FILE_DIR)/Pods-DownFileDemo-checkManifestLockResult.txt",
			);
			runOnlyForDeploymentPostprocessing = 0;
			shellPath = /bin/sh;
			shellScript = "diff \"${PODS_PODFILE_DIR_PATH}/Podfile.lock\" \"${PODS_ROOT}/Manifest.lock\" > /dev/null\nif [ $? != 0 ] ; then\n    # print error to STDERR\n    echo \"error: The sandbox is not in sync with the Podfile.lock. Run 'pod install' or update your CocoaPods installation.\" >&2\n    exit 1\nfi\n# This output is used by Xcode 'outputs' to avoid re-running this script phase.\necho \"SUCCESS\" > \"${SCRIPT_OUTPUT_FILE_0}\"\n";
			showEnvVarsInLog = 0;
		};
		148AF02D6B47444E9C282309 /* [CP] Embed Pods Frameworks */ = {
			isa = PBXShellScriptBuildPhase;
			buildActionMask = 2147483647;
			files = (
			);
			inputPaths = (
				"${SRCROOT}/Pods/Target Support Files/Pods-DownFileDemo/Pods-DownFileDemo-frameworks.sh",
				"${BUILT_PRODUCTS_DIR}/Alamofire/Alamofire.framework",
				"${BUILT_PRODUCTS_DIR}/Moya/Moya.framework",
				"${BUILT_PRODUCTS_DIR}/Result/Result.framework",
			);
			name = "[CP] Embed Pods Frameworks";
			outputPaths = (
				"${TARGET_BUILD_DIR}/${FRAMEWORKS_FOLDER_PATH}/Alamofire.framework",
				"${TARGET_BUILD_DIR}/${FRAMEWORKS_FOLDER_PATH}/Moya.framework",
				"${TARGET_BUILD_DIR}/${FRAMEWORKS_FOLDER_PATH}/Result.framework",
			);
			runOnlyForDeploymentPostprocessing = 0;
			shellPath = /bin/sh;
			shellScript = "\"${SRCROOT}/Pods/Target Support Files/Pods-DownFileDemo/Pods-DownFileDemo-frameworks.sh\"\n";
			showEnvVarsInLog = 0;
		};
/* End PBXShellScriptBuildPhase section */

/* Begin PBXSourcesBuildPhase section */
		3D6561BE236AE03B00C20D2C /* Sources */ = {
			isa = PBXSourcesBuildPhase;
			buildActionMask = 2147483647;
			files = (
				3D6561CA236AE03B00C20D2C /* ViewController.swift in Sources */,
				3D6561C6236AE03B00C20D2C /* AppDelegate.swift in Sources */,
				3D6561C8236AE03B00C20D2C /* SceneDelegate.swift in Sources */,
			);
			runOnlyForDeploymentPostprocessing = 0;
		};
		3D6561D4236AE03D00C20D2C /* Sources */ = {
			isa = PBXSourcesBuildPhase;
			buildActionMask = 2147483647;
			files = (
				3D1C61C1236C020F00D6BE80 /* ViewController.swift in Sources */,
				3D6561DD236AE03D00C20D2C /* DownFileDemoTests.swift in Sources */,
			);
			runOnlyForDeploymentPostprocessing = 0;
		};
		3D6561DF236AE03D00C20D2C /* Sources */ = {
			isa = PBXSourcesBuildPhase;
			buildActionMask = 2147483647;
			files = (
				3D6561E8236AE03D00C20D2C /* DownFileDemoUITests.swift in Sources */,
			);
			runOnlyForDeploymentPostprocessing = 0;
		};
/* End PBXSourcesBuildPhase section */

/* Begin PBXTargetDependency section */
		3D6561DA236AE03D00C20D2C /* PBXTargetDependency */ = {
			isa = PBXTargetDependency;
			target = 3D6561C1236AE03B00C20D2C /* DownFileDemo */;
			targetProxy = 3D6561D9236AE03D00C20D2C /* PBXContainerItemProxy */;
		};
		3D6561E5236AE03D00C20D2C /* PBXTargetDependency */ = {
			isa = PBXTargetDependency;
			target = 3D6561C1236AE03B00C20D2C /* DownFileDemo */;
			targetProxy = 3D6561E4236AE03D00C20D2C /* PBXContainerItemProxy */;
		};
/* End PBXTargetDependency section */

/* Begin PBXVariantGroup section */
		3D6561CB236AE03B00C20D2C /* Main.storyboard */ = {
			isa = PBXVariantGroup;
			children = (
				3D6561CC236AE03B00C20D2C /* Base */,
			);
			name = Main.storyboard;
			sourceTree = "<group>";
		};
		3D6561D0236AE03C00C20D2C /* LaunchScreen.storyboard */ = {
			isa = PBXVariantGroup;
			children = (
				3D6561D1236AE03C00C20D2C /* Base */,
			);
			name = LaunchScreen.storyboard;
			sourceTree = "<group>";
		};
/* End PBXVariantGroup section */

/* Begin XCBuildConfiguration section */
		3D6561EA236AE03D00C20D2C /* Debug */ = {
			isa = XCBuildConfiguration;
			buildSettings = {
				ALWAYS_SEARCH_USER_PATHS = NO;
				CLANG_ANALYZER_NONNULL = YES;
				CLANG_ANALYZER_NUMBER_OBJECT_CONVERSION = YES_AGGRESSIVE;
				CLANG_CXX_LANGUAGE_STANDARD = "gnu++14";
				CLANG_CXX_LIBRARY = "libc++";
				CLANG_ENABLE_MODULES = YES;
				CLANG_ENABLE_OBJC_ARC = YES;
				CLANG_ENABLE_OBJC_WEAK = YES;
				CLANG_WARN_BLOCK_CAPTURE_AUTORELEASING = YES;
				CLANG_WARN_BOOL_CONVERSION = YES;
				CLANG_WARN_COMMA = YES;
				CLANG_WARN_CONSTANT_CONVERSION = YES;
				CLANG_WARN_DEPRECATED_OBJC_IMPLEMENTATIONS = YES;
				CLANG_WARN_DIRECT_OBJC_ISA_USAGE = YES_ERROR;
				CLANG_WARN_DOCUMENTATION_COMMENTS = YES;
				CLANG_WARN_EMPTY_BODY = YES;
				CLANG_WARN_ENUM_CONVERSION = YES;
				CLANG_WARN_INFINITE_RECURSION = YES;
				CLANG_WARN_INT_CONVERSION = YES;
				CLANG_WARN_NON_LITERAL_NULL_CONVERSION = YES;
				CLANG_WARN_OBJC_IMPLICIT_RETAIN_SELF = YES;
				CLANG_WARN_OBJC_LITERAL_CONVERSION = YES;
				CLANG_WARN_OBJC_ROOT_CLASS = YES_ERROR;
				CLANG_WARN_RANGE_LOOP_ANALYSIS = YES;
				CLANG_WARN_STRICT_PROTOTYPES = YES;
				CLANG_WARN_SUSPICIOUS_MOVE = YES;
				CLANG_WARN_UNGUARDED_AVAILABILITY = YES_AGGRESSIVE;
				CLANG_WARN_UNREACHABLE_CODE = YES;
				CLANG_WARN__DUPLICATE_METHOD_MATCH = YES;
				COPY_PHASE_STRIP = NO;
				DEBUG_INFORMATION_FORMAT = dwarf;
				ENABLE_STRICT_OBJC_MSGSEND = YES;
				ENABLE_TESTABILITY = YES;
				GCC_C_LANGUAGE_STANDARD = gnu11;
				GCC_DYNAMIC_NO_PIC = NO;
				GCC_NO_COMMON_BLOCKS = YES;
				GCC_OPTIMIZATION_LEVEL = 0;
				GCC_PREPROCESSOR_DEFINITIONS = (
					"DEBUG=1",
					"$(inherited)",
				);
				GCC_WARN_64_TO_32_BIT_CONVERSION = YES;
				GCC_WARN_ABOUT_RETURN_TYPE = YES_ERROR;
				GCC_WARN_UNDECLARED_SELECTOR = YES;
				GCC_WARN_UNINITIALIZED_AUTOS = YES_AGGRESSIVE;
				GCC_WARN_UNUSED_FUNCTION = YES;
				GCC_WARN_UNUSED_VARIABLE = YES;
				IPHONEOS_DEPLOYMENT_TARGET = 13.1;
				MTL_ENABLE_DEBUG_INFO = INCLUDE_SOURCE;
				MTL_FAST_MATH = YES;
				ONLY_ACTIVE_ARCH = YES;
				SDKROOT = iphoneos;
				SWIFT_ACTIVE_COMPILATION_CONDITIONS = DEBUG;
				SWIFT_OPTIMIZATION_LEVEL = "-Onone";
			};
			name = Debug;
		};
		3D6561EB236AE03D00C20D2C /* Release */ = {
			isa = XCBuildConfiguration;
			buildSettings = {
				ALWAYS_SEARCH_USER_PATHS = NO;
				CLANG_ANALYZER_NONNULL = YES;
				CLANG_ANALYZER_NUMBER_OBJECT_CONVERSION = YES_AGGRESSIVE;
				CLANG_CXX_LANGUAGE_STANDARD = "gnu++14";
				CLANG_CXX_LIBRARY = "libc++";
				CLANG_ENABLE_MODULES = YES;
				CLANG_ENABLE_OBJC_ARC = YES;
				CLANG_ENABLE_OBJC_WEAK = YES;
				CLANG_WARN_BLOCK_CAPTURE_AUTORELEASING = YES;
				CLANG_WARN_BOOL_CONVERSION = YES;
				CLANG_WARN_COMMA = YES;
				CLANG_WARN_CONSTANT_CONVERSION = YES;
				CLANG_WARN_DEPRECATED_OBJC_IMPLEMENTATIONS = YES;
				CLANG_WARN_DIRECT_OBJC_ISA_USAGE = YES_ERROR;
				CLANG_WARN_DOCUMENTATION_COMMENTS = YES;
				CLANG_WARN_EMPTY_BODY = YES;
				CLANG_WARN_ENUM_CONVERSION = YES;
				CLANG_WARN_INFINITE_RECURSION = YES;
				CLANG_WARN_INT_CONVERSION = YES;
				CLANG_WARN_NON_LITERAL_NULL_CONVERSION = YES;
				CLANG_WARN_OBJC_IMPLICIT_RETAIN_SELF = YES;
				CLANG_WARN_OBJC_LITERAL_CONVERSION = YES;
				CLANG_WARN_OBJC_ROOT_CLASS = YES_ERROR;
				CLANG_WARN_RANGE_LOOP_ANALYSIS = YES;
				CLANG_WARN_STRICT_PROTOTYPES = YES;
				CLANG_WARN_SUSPICIOUS_MOVE = YES;
				CLANG_WARN_UNGUARDED_AVAILABILITY = YES_AGGRESSIVE;
				CLANG_WARN_UNREACHABLE_CODE = YES;
				CLANG_WARN__DUPLICATE_METHOD_MATCH = YES;
				COPY_PHASE_STRIP = NO;
				DEBUG_INFORMATION_FORMAT = "dwarf-with-dsym";
				ENABLE_NS_ASSERTIONS = NO;
				ENABLE_STRICT_OBJC_MSGSEND = YES;
				GCC_C_LANGUAGE_STANDARD = gnu11;
				GCC_NO_COMMON_BLOCKS = YES;
				GCC_WARN_64_TO_32_BIT_CONVERSION = YES;
				GCC_WARN_ABOUT_RETURN_TYPE = YES_ERROR;
				GCC_WARN_UNDECLARED_SELECTOR = YES;
				GCC_WARN_UNINITIALIZED_AUTOS = YES_AGGRESSIVE;
				GCC_WARN_UNUSED_FUNCTION = YES;
				GCC_WARN_UNUSED_VARIABLE = YES;
				IPHONEOS_DEPLOYMENT_TARGET = 13.1;
				MTL_ENABLE_DEBUG_INFO = NO;
				MTL_FAST_MATH = YES;
				SDKROOT = iphoneos;
				SWIFT_COMPILATION_MODE = wholemodule;
				SWIFT_OPTIMIZATION_LEVEL = "-O";
				VALIDATE_PRODUCT = YES;
			};
			name = Release;
		};
		3D6561ED236AE03D00C20D2C /* Debug */ = {
			isa = XCBuildConfiguration;
			baseConfigurationReference = 085E20558D4FF358BD4E8F71 /* Pods-DownFileDemo.debug.xcconfig */;
			buildSettings = {
				ASSETCATALOG_COMPILER_APPICON_NAME = AppIcon;
				CODE_SIGN_STYLE = Automatic;
				INFOPLIST_FILE = DownFileDemo/Info.plist;
				LD_RUNPATH_SEARCH_PATHS = (
					"$(inherited)",
					"@executable_path/Frameworks",
				);
				PRODUCT_BUNDLE_IDENTIFIER = com.scrochstudios.DownFileDemo;
				PRODUCT_NAME = "$(TARGET_NAME)";
				SWIFT_VERSION = 5.0;
				TARGETED_DEVICE_FAMILY = "1,2";
			};
			name = Debug;
		};
		3D6561EE236AE03D00C20D2C /* Release */ = {
			isa = XCBuildConfiguration;
			baseConfigurationReference = 0EEBCD3AC752E4060C06F3C8 /* Pods-DownFileDemo.release.xcconfig */;
			buildSettings = {
				ASSETCATALOG_COMPILER_APPICON_NAME = AppIcon;
				CODE_SIGN_STYLE = Automatic;
				INFOPLIST_FILE = DownFileDemo/Info.plist;
				LD_RUNPATH_SEARCH_PATHS = (
					"$(inherited)",
					"@executable_path/Frameworks",
				);
				PRODUCT_BUNDLE_IDENTIFIER = com.scrochstudios.DownFileDemo;
				PRODUCT_NAME = "$(TARGET_NAME)";
				SWIFT_VERSION = 5.0;
				TARGETED_DEVICE_FAMILY = "1,2";
			};
			name = Release;
		};
		3D6561F0236AE03D00C20D2C /* Debug */ = {
			isa = XCBuildConfiguration;
			buildSettings = {
				ALWAYS_EMBED_SWIFT_STANDARD_LIBRARIES = YES;
				BUNDLE_LOADER = "$(TEST_HOST)";
				CODE_SIGN_STYLE = Automatic;
				INFOPLIST_FILE = DownFileDemoTests/Info.plist;
				IPHONEOS_DEPLOYMENT_TARGET = 13.1;
				LD_RUNPATH_SEARCH_PATHS = (
					"$(inherited)",
					"@executable_path/Frameworks",
					"@loader_path/Frameworks",
				);
				PRODUCT_BUNDLE_IDENTIFIER = com.scrochstudios.DownFileDemoTests;
				PRODUCT_NAME = "$(TARGET_NAME)";
				SWIFT_VERSION = 5.0;
				TARGETED_DEVICE_FAMILY = "1,2";
				TEST_HOST = "$(BUILT_PRODUCTS_DIR)/DownFileDemo.app/DownFileDemo";
			};
			name = Debug;
		};
		3D6561F1236AE03D00C20D2C /* Release */ = {
			isa = XCBuildConfiguration;
			buildSettings = {
				ALWAYS_EMBED_SWIFT_STANDARD_LIBRARIES = YES;
				BUNDLE_LOADER = "$(TEST_HOST)";
				CODE_SIGN_STYLE = Automatic;
				INFOPLIST_FILE = DownFileDemoTests/Info.plist;
				IPHONEOS_DEPLOYMENT_TARGET = 13.1;
				LD_RUNPATH_SEARCH_PATHS = (
					"$(inherited)",
					"@executable_path/Frameworks",
					"@loader_path/Frameworks",
				);
				PRODUCT_BUNDLE_IDENTIFIER = com.scrochstudios.DownFileDemoTests;
				PRODUCT_NAME = "$(TARGET_NAME)";
				SWIFT_VERSION = 5.0;
				TARGETED_DEVICE_FAMILY = "1,2";
				TEST_HOST = "$(BUILT_PRODUCTS_DIR)/DownFileDemo.app/DownFileDemo";
			};
			name = Release;
		};
		3D6561F3236AE03D00C20D2C /* Debug */ = {
			isa = XCBuildConfiguration;
			buildSettings = {
				ALWAYS_EMBED_SWIFT_STANDARD_LIBRARIES = YES;
				CODE_SIGN_STYLE = Automatic;
				INFOPLIST_FILE = DownFileDemoUITests/Info.plist;
				LD_RUNPATH_SEARCH_PATHS = (
					"$(inherited)",
					"@executable_path/Frameworks",
					"@loader_path/Frameworks",
				);
				PRODUCT_BUNDLE_IDENTIFIER = com.scrochstudios.DownFileDemoUITests;
				PRODUCT_NAME = "$(TARGET_NAME)";
				SWIFT_VERSION = 5.0;
				TARGETED_DEVICE_FAMILY = "1,2";
				TEST_TARGET_NAME = DownFileDemo;
			};
			name = Debug;
		};
		3D6561F4236AE03D00C20D2C /* Release */ = {
			isa = XCBuildConfiguration;
			buildSettings = {
				ALWAYS_EMBED_SWIFT_STANDARD_LIBRARIES = YES;
				CODE_SIGN_STYLE = Automatic;
				INFOPLIST_FILE = DownFileDemoUITests/Info.plist;
				LD_RUNPATH_SEARCH_PATHS = (
					"$(inherited)",
					"@executable_path/Frameworks",
					"@loader_path/Frameworks",
				);
				PRODUCT_BUNDLE_IDENTIFIER = com.scrochstudios.DownFileDemoUITests;
				PRODUCT_NAME = "$(TARGET_NAME)";
				SWIFT_VERSION = 5.0;
				TARGETED_DEVICE_FAMILY = "1,2";
				TEST_TARGET_NAME = DownFileDemo;
			};
			name = Release;
		};
/* End XCBuildConfiguration section */

/* Begin XCConfigurationList section */
		3D6561BD236AE03B00C20D2C /* Build configuration list for PBXProject "DownFileDemo" */ = {
			isa = XCConfigurationList;
			buildConfigurations = (
				3D6561EA236AE03D00C20D2C /* Debug */,
				3D6561EB236AE03D00C20D2C /* Release */,
			);
			defaultConfigurationIsVisible = 0;
			defaultConfigurationName = Release;
		};
		3D6561EC236AE03D00C20D2C /* Build configuration list for PBXNativeTarget "DownFileDemo" */ = {
			isa = XCConfigurationList;
			buildConfigurations = (
				3D6561ED236AE03D00C20D2C /* Debug */,
				3D6561EE236AE03D00C20D2C /* Release */,
			);
			defaultConfigurationIsVisible = 0;
			defaultConfigurationName = Release;
		};
		3D6561EF236AE03D00C20D2C /* Build configuration list for PBXNativeTarget "DownFileDemoTests" */ = {
			isa = XCConfigurationList;
			buildConfigurations = (
				3D6561F0236AE03D00C20D2C /* Debug */,
				3D6561F1236AE03D00C20D2C /* Release */,
			);
			defaultConfigurationIsVisible = 0;
			defaultConfigurationName = Release;
		};
		3D6561F2236AE03D00C20D2C /* Build configuration list for PBXNativeTarget "DownFileDemoUITests" */ = {
			isa = XCConfigurationList;
			buildConfigurations = (
				3D6561F3236AE03D00C20D2C /* Debug */,
				3D6561F4236AE03D00C20D2C /* Release */,
			);
			defaultConfigurationIsVisible = 0;
			defaultConfigurationName = Release;
		};
/* End XCConfigurationList section */
	};
	rootObject = 3D6561BA236AE03B00C20D2C /* Project object */;
}
